// !$*UTF8*$!
{
	archiveVersion = 1;
	classes = {
	};
	objectVersion = 46;
	objects = {

/* Begin PBXBuildFile section */
		0DC03A67FD558BE462647B9D /* Pods_SocialMedia.framework in Frameworks */ = {isa = PBXBuildFile; fileRef = 92C11A0B91DF1667BA3ED6C8 /* Pods_SocialMedia.framework */; };
		B80196351E2AE00E000CE278 /* CustomView.swift in Sources */ = {isa = PBXBuildFile; fileRef = B80196341E2AE00E000CE278 /* CustomView.swift */; };
		B80196381E2AE097000CE278 /* Constants.swift in Sources */ = {isa = PBXBuildFile; fileRef = B80196371E2AE097000CE278 /* Constants.swift */; };
		B801963A1E2AE24E000CE278 /* CustomButtonFB.swift in Sources */ = {isa = PBXBuildFile; fileRef = B80196391E2AE24E000CE278 /* CustomButtonFB.swift */; };
		B801963C1E2AE3C8000CE278 /* CustomTextField.swift in Sources */ = {isa = PBXBuildFile; fileRef = B801963B1E2AE3C8000CE278 /* CustomTextField.swift */; };
		B801963E1E2AE595000CE278 /* CustomButtonSI.swift in Sources */ = {isa = PBXBuildFile; fileRef = B801963D1E2AE595000CE278 /* CustomButtonSI.swift */; };
		B83B48D31E2ACF98000C301D /* AppDelegate.swift in Sources */ = {isa = PBXBuildFile; fileRef = B83B48D21E2ACF98000C301D /* AppDelegate.swift */; };
		B83B48D51E2ACF98000C301D /* SignInVC.swift in Sources */ = {isa = PBXBuildFile; fileRef = B83B48D41E2ACF98000C301D /* SignInVC.swift */; };
		B83B48D81E2ACF98000C301D /* Main.storyboard in Resources */ = {isa = PBXBuildFile; fileRef = B83B48D61E2ACF98000C301D /* Main.storyboard */; };
		B83B48DA1E2ACF98000C301D /* Assets.xcassets in Resources */ = {isa = PBXBuildFile; fileRef = B83B48D91E2ACF98000C301D /* Assets.xcassets */; };
		B83B48DD1E2ACF98000C301D /* LaunchScreen.storyboard in Resources */ = {isa = PBXBuildFile; fileRef = B83B48DB1E2ACF98000C301D /* LaunchScreen.storyboard */; };
		B83B48E81E2AD113000C301D /* GoogleService-Info.plist in Resources */ = {isa = PBXBuildFile; fileRef = B83B48E71E2AD113000C301D /* GoogleService-Info.plist */; };
/* End PBXBuildFile section */

/* Begin PBXFileReference section */
		0AEFD95E121F340E28480EE4 /* Pods-SocialMedia.debug.xcconfig */ = {isa = PBXFileReference; includeInIndex = 1; lastKnownFileType = text.xcconfig; name = "Pods-SocialMedia.debug.xcconfig"; path = "Pods/Target Support Files/Pods-SocialMedia/Pods-SocialMedia.debug.xcconfig"; sourceTree = "<group>"; };
		205B43C134BEC6D1E3FFD32B /* Pods-SocialMedia.release.xcconfig */ = {isa = PBXFileReference; includeInIndex = 1; lastKnownFileType = text.xcconfig; name = "Pods-SocialMedia.release.xcconfig"; path = "Pods/Target Support Files/Pods-SocialMedia/Pods-SocialMedia.release.xcconfig"; sourceTree = "<group>"; };
		92C11A0B91DF1667BA3ED6C8 /* Pods_SocialMedia.framework */ = {isa = PBXFileReference; explicitFileType = wrapper.framework; includeInIndex = 0; path = Pods_SocialMedia.framework; sourceTree = BUILT_PRODUCTS_DIR; };
		B80196341E2AE00E000CE278 /* CustomView.swift */ = {isa = PBXFileReference; fileEncoding = 4; lastKnownFileType = sourcecode.swift; path = CustomView.swift; sourceTree = "<group>"; };
		B80196371E2AE097000CE278 /* Constants.swift */ = {isa = PBXFileReference; fileEncoding = 4; lastKnownFileType = sourcecode.swift; path = Constants.swift; sourceTree = "<group>"; };
		B80196391E2AE24E000CE278 /* CustomButtonFB.swift */ = {isa = PBXFileReference; fileEncoding = 4; lastKnownFileType = sourcecode.swift; path = CustomButtonFB.swift; sourceTree = "<group>"; };
		B801963B1E2AE3C8000CE278 /* CustomTextField.swift */ = {isa = PBXFileReference; fileEncoding = 4; lastKnownFileType = sourcecode.swift; path = CustomTextField.swift; sourceTree = "<group>"; };
		B801963D1E2AE595000CE278 /* CustomButtonSI.swift */ = {isa = PBXFileReference; fileEncoding = 4; lastKnownFileType = sourcecode.swift; path = CustomButtonSI.swift; sourceTree = "<group>"; };
		B83B48CF1E2ACF98000C301D /* SocialMedia.app */ = {isa = PBXFileReference; explicitFileType = wrapper.application; includeInIndex = 0; path = SocialMedia.app; sourceTree = BUILT_PRODUCTS_DIR; };
		B83B48D21E2ACF98000C301D /* AppDelegate.swift */ = {isa = PBXFileReference; lastKnownFileType = sourcecode.swift; path = AppDelegate.swift; sourceTree = "<group>"; };
		B83B48D41E2ACF98000C301D /* SignInVC.swift */ = {isa = PBXFileReference; lastKnownFileType = sourcecode.swift; path = SignInVC.swift; sourceTree = "<group>"; };
		B83B48D71E2ACF98000C301D /* Base */ = {isa = PBXFileReference; lastKnownFileType = file.storyboard; name = Base; path = Base.lproj/Main.storyboard; sourceTree = "<group>"; };
		B83B48D91E2ACF98000C301D /* Assets.xcassets */ = {isa = PBXFileReference; lastKnownFileType = folder.assetcatalog; path = Assets.xcassets; sourceTree = "<group>"; };
		B83B48DC1E2ACF98000C301D /* Base */ = {isa = PBXFileReference; lastKnownFileType = file.storyboard; name = Base; path = Base.lproj/LaunchScreen.storyboard; sourceTree = "<group>"; };
		B83B48DE1E2ACF98000C301D /* Info.plist */ = {isa = PBXFileReference; lastKnownFileType = text.plist.xml; path = Info.plist; sourceTree = "<group>"; };
		B83B48E71E2AD113000C301D /* GoogleService-Info.plist */ = {isa = PBXFileReference; fileEncoding = 4; lastKnownFileType = text.plist.xml; path = "GoogleService-Info.plist"; sourceTree = "<group>"; };
		B8C100241E2B2E4E00E15C00 /* SocialMedia.entitlements */ = {isa = PBXFileReference; lastKnownFileType = text.plist.entitlements; path = SocialMedia.entitlements; sourceTree = "<group>"; };
/* End PBXFileReference section */

/* Begin PBXFrameworksBuildPhase section */
		B83B48CC1E2ACF98000C301D /* Frameworks */ = {
			isa = PBXFrameworksBuildPhase;
			buildActionMask = 2147483647;
			files = (
				0DC03A67FD558BE462647B9D /* Pods_SocialMedia.framework in Frameworks */,
			);
			runOnlyForDeploymentPostprocessing = 0;
		};
/* End PBXFrameworksBuildPhase section */

/* Begin PBXGroup section */
		B1E2CAD9F80E9E7164572A88 /* Frameworks */ = {
			isa = PBXGroup;
			children = (
				92C11A0B91DF1667BA3ED6C8 /* Pods_SocialMedia.framework */,
			);
			name = Frameworks;
			sourceTree = "<group>";
		};
		B80196361E2AE086000CE278 /* Util */ = {
			isa = PBXGroup;
			children = (
				B80196371E2AE097000CE278 /* Constants.swift */,
			);
			name = Util;
			sourceTree = "<group>";
		};
		B83B48C61E2ACF98000C301D = {
			isa = PBXGroup;
			children = (
				B83B48D11E2ACF98000C301D /* SocialMedia */,
				B83B48D01E2ACF98000C301D /* Products */,
				FD457392AA62F0F4B07D3D87 /* Pods */,
				B1E2CAD9F80E9E7164572A88 /* Frameworks */,
			);
			sourceTree = "<group>";
		};
		B83B48D01E2ACF98000C301D /* Products */ = {
			isa = PBXGroup;
			children = (
				B83B48CF1E2ACF98000C301D /* SocialMedia.app */,
			);
			name = Products;
			sourceTree = "<group>";
		};
		B83B48D11E2ACF98000C301D /* SocialMedia */ = {
			isa = PBXGroup;
			children = (
				B8C100241E2B2E4E00E15C00 /* SocialMedia.entitlements */,
				B80196361E2AE086000CE278 /* Util */,
				B83B48E41E2AD0D5000C301D /* Model */,
				B83B48E51E2AD0DE000C301D /* View */,
				B83B48E61E2AD0E2000C301D /* Controller */,
				B83B48D21E2ACF98000C301D /* AppDelegate.swift */,
				B83B48D61E2ACF98000C301D /* Main.storyboard */,
				B83B48DB1E2ACF98000C301D /* LaunchScreen.storyboard */,
				B83B48DE1E2ACF98000C301D /* Info.plist */,
				B83B48E71E2AD113000C301D /* GoogleService-Info.plist */,
				B83B48D91E2ACF98000C301D /* Assets.xcassets */,
			);
			path = SocialMedia;
			sourceTree = "<group>";
		};
		B83B48E41E2AD0D5000C301D /* Model */ = {
			isa = PBXGroup;
			children = (
			);
			name = Model;
			sourceTree = "<group>";
		};
		B83B48E51E2AD0DE000C301D /* View */ = {
			isa = PBXGroup;
			children = (
				B80196341E2AE00E000CE278 /* CustomView.swift */,
				B80196391E2AE24E000CE278 /* CustomButtonFB.swift */,
				B801963B1E2AE3C8000CE278 /* CustomTextField.swift */,
				B801963D1E2AE595000CE278 /* CustomButtonSI.swift */,
			);
			name = View;
			sourceTree = "<group>";
		};
		B83B48E61E2AD0E2000C301D /* Controller */ = {
			isa = PBXGroup;
			children = (
				B83B48D41E2ACF98000C301D /* SignInVC.swift */,
			);
			name = Controller;
			sourceTree = "<group>";
		};
		FD457392AA62F0F4B07D3D87 /* Pods */ = {
			isa = PBXGroup;
			children = (
				0AEFD95E121F340E28480EE4 /* Pods-SocialMedia.debug.xcconfig */,
				205B43C134BEC6D1E3FFD32B /* Pods-SocialMedia.release.xcconfig */,
			);
			name = Pods;
			sourceTree = "<group>";
		};
/* End PBXGroup section */

/* Begin PBXNativeTarget section */
		B83B48CE1E2ACF98000C301D /* SocialMedia */ = {
			isa = PBXNativeTarget;
			buildConfigurationList = B83B48E11E2ACF98000C301D /* Build configuration list for PBXNativeTarget "SocialMedia" */;
			buildPhases = (
				9D9D394A4FE91FEAEB0828B8 /* [CP] Check Pods Manifest.lock */,
				B83B48CB1E2ACF98000C301D /* Sources */,
				B83B48CC1E2ACF98000C301D /* Frameworks */,
				B83B48CD1E2ACF98000C301D /* Resources */,
				C26B37092E46AEA24EB32C45 /* [CP] Embed Pods Frameworks */,
				688796687F9F7C1D9C822AAC /* [CP] Copy Pods Resources */,
			);
			buildRules = (
			);
			dependencies = (
			);
			name = SocialMedia;
			productName = SocialMedia;
			productReference = B83B48CF1E2ACF98000C301D /* SocialMedia.app */;
			productType = "com.apple.product-type.application";
		};
/* End PBXNativeTarget section */

/* Begin PBXProject section */
		B83B48C71E2ACF98000C301D /* Project object */ = {
			isa = PBXProject;
			attributes = {
				LastSwiftUpdateCheck = 0820;
				LastUpgradeCheck = 0820;
				ORGANIZATIONNAME = "Eric Sirinian";
				TargetAttributes = {
					B83B48CE1E2ACF98000C301D = {
						CreatedOnToolsVersion = 8.2.1;
						DevelopmentTeam = 54S7LMH8GM;
						ProvisioningStyle = Automatic;
						SystemCapabilities = {
							com.apple.Keychain = {
								enabled = 1;
							};
						};
					};
				};
			};
			buildConfigurationList = B83B48CA1E2ACF98000C301D /* Build configuration list for PBXProject "SocialMedia" */;
			compatibilityVersion = "Xcode 3.2";
			developmentRegion = English;
			hasScannedForEncodings = 0;
			knownRegions = (
				en,
				Base,
			);
			mainGroup = B83B48C61E2ACF98000C301D;
			productRefGroup = B83B48D01E2ACF98000C301D /* Products */;
			projectDirPath = "";
			projectRoot = "";
			targets = (
				B83B48CE1E2ACF98000C301D /* SocialMedia */,
			);
		};
/* End PBXProject section */

/* Begin PBXResourcesBuildPhase section */
		B83B48CD1E2ACF98000C301D /* Resources */ = {
			isa = PBXResourcesBuildPhase;
			buildActionMask = 2147483647;
			files = (
				B83B48DD1E2ACF98000C301D /* LaunchScreen.storyboard in Resources */,
				B83B48DA1E2ACF98000C301D /* Assets.xcassets in Resources */,
				B83B48D81E2ACF98000C301D /* Main.storyboard in Resources */,
				B83B48E81E2AD113000C301D /* GoogleService-Info.plist in Resources */,
			);
			runOnlyForDeploymentPostprocessing = 0;
		};
/* End PBXResourcesBuildPhase section */

/* Begin PBXShellScriptBuildPhase section */
		688796687F9F7C1D9C822AAC /* [CP] Copy Pods Resources */ = {
			isa = PBXShellScriptBuildPhase;
			buildActionMask = 2147483647;
			files = (
			);
			inputPaths = (
			);
			name = "[CP] Copy Pods Resources";
			outputPaths = (
			);
			runOnlyForDeploymentPostprocessing = 0;
			shellPath = /bin/sh;
			shellScript = "\"${SRCROOT}/Pods/Target Support Files/Pods-SocialMedia/Pods-SocialMedia-resources.sh\"\n";
			showEnvVarsInLog = 0;
		};
		9D9D394A4FE91FEAEB0828B8 /* [CP] Check Pods Manifest.lock */ = {
			isa = PBXShellScriptBuildPhase;
			buildActionMask = 2147483647;
			files = (
			);
			inputPaths = (
			);
			name = "[CP] Check Pods Manifest.lock";
			outputPaths = (
			);
			runOnlyForDeploymentPostprocessing = 0;
			shellPath = /bin/sh;
			shellScript = "diff \"${PODS_ROOT}/../Podfile.lock\" \"${PODS_ROOT}/Manifest.lock\" > /dev/null\nif [ $? != 0 ] ; then\n    # print error to STDERR\n    echo \"error: The sandbox is not in sync with the Podfile.lock. Run 'pod install' or update your CocoaPods installation.\" >&2\n    exit 1\nfi\n";
			showEnvVarsInLog = 0;
		};
		C26B37092E46AEA24EB32C45 /* [CP] Embed Pods Frameworks */ = {
			isa = PBXShellScriptBuildPhase;
			buildActionMask = 2147483647;
			files = (
			);
			inputPaths = (
			);
			name = "[CP] Embed Pods Frameworks";
			outputPaths = (
			);
			runOnlyForDeploymentPostprocessing = 0;
			shellPath = /bin/sh;
			shellScript = "\"${SRCROOT}/Pods/Target Support Files/Pods-SocialMedia/Pods-SocialMedia-frameworks.sh\"\n";
			showEnvVarsInLog = 0;
		};
/* End PBXShellScriptBuildPhase section */

/* Begin PBXSourcesBuildPhase section */
		B83B48CB1E2ACF98000C301D /* Sources */ = {
			isa = PBXSourcesBuildPhase;
			buildActionMask = 2147483647;
			files = (
				B801963E1E2AE595000CE278 /* CustomButtonSI.swift in Sources */,
				B80196351E2AE00E000CE278 /* CustomView.swift in Sources */,
				B83B48D51E2ACF98000C301D /* SignInVC.swift in Sources */,
				B801963C1E2AE3C8000CE278 /* CustomTextField.swift in Sources */,
				B83B48D31E2ACF98000C301D /* AppDelegate.swift in Sources */,
				B80196381E2AE097000CE278 /* Constants.swift in Sources */,
				B801963A1E2AE24E000CE278 /* CustomButtonFB.swift in Sources */,
			);
			runOnlyForDeploymentPostprocessing = 0;
		};
/* End PBXSourcesBuildPhase section */

/* Begin PBXVariantGroup section */
		B83B48D61E2ACF98000C301D /* Main.storyboard */ = {
			isa = PBXVariantGroup;
			children = (
				B83B48D71E2ACF98000C301D /* Base */,
			);
			name = Main.storyboard;
			sourceTree = "<group>";
		};
		B83B48DB1E2ACF98000C301D /* LaunchScreen.storyboard */ = {
			isa = PBXVariantGroup;
			children = (
				B83B48DC1E2ACF98000C301D /* Base */,
			);
			name = LaunchScreen.storyboard;
			sourceTree = "<group>";
		};
/* End PBXVariantGroup section */

/* Begin XCBuildConfiguration section */
		B83B48DF1E2ACF98000C301D /* Debug */ = {
			isa = XCBuildConfiguration;
			buildSettings = {
				ALWAYS_SEARCH_USER_PATHS = NO;
				CLANG_ANALYZER_NONNULL = YES;
				CLANG_CXX_LANGUAGE_STANDARD = "gnu++0x";
				CLANG_CXX_LIBRARY = "libc++";
				CLANG_ENABLE_MODULES = YES;
				CLANG_ENABLE_OBJC_ARC = YES;
				CLANG_WARN_BOOL_CONVERSION = YES;
				CLANG_WARN_CONSTANT_CONVERSION = YES;
				CLANG_WARN_DIRECT_OBJC_ISA_USAGE = YES_ERROR;
				CLANG_WARN_DOCUMENTATION_COMMENTS = YES;
				CLANG_WARN_EMPTY_BODY = YES;
				CLANG_WARN_ENUM_CONVERSION = YES;
				CLANG_WARN_INFINITE_RECURSION = YES;
				CLANG_WARN_INT_CONVERSION = YES;
				CLANG_WARN_OBJC_ROOT_CLASS = YES_ERROR;
				CLANG_WARN_SUSPICIOUS_MOVE = YES;
				CLANG_WARN_UNREACHABLE_CODE = YES;
				CLANG_WARN__DUPLICATE_METHOD_MATCH = YES;
				"CODE_SIGN_IDENTITY[sdk=iphoneos*]" = "iPhone Developer";
				COPY_PHASE_STRIP = NO;
				DEBUG_INFORMATION_FORMAT = dwarf;
				ENABLE_STRICT_OBJC_MSGSEND = YES;
				ENABLE_TESTABILITY = YES;
				GCC_C_LANGUAGE_STANDARD = gnu99;
				GCC_DYNAMIC_NO_PIC = NO;
				GCC_NO_COMMON_BLOCKS = YES;
				GCC_OPTIMIZATION_LEVEL = 0;
				GCC_PREPROCESSOR_DEFINITIONS = (
					"DEBUG=1",
					"$(inherited)",
				);
				GCC_WARN_64_TO_32_BIT_CONVERSION = YES;
				GCC_WARN_ABOUT_RETURN_TYPE = YES_ERROR;
				GCC_WARN_UNDECLARED_SELECTOR = YES;
				GCC_WARN_UNINITIALIZED_AUTOS = YES_AGGRESSIVE;
				GCC_WARN_UNUSED_FUNCTION = YES;
				GCC_WARN_UNUSED_VARIABLE = YES;
				IPHONEOS_DEPLOYMENT_TARGET = 10.2;
				MTL_ENABLE_DEBUG_INFO = YES;
				ONLY_ACTIVE_ARCH = YES;
				SDKROOT = iphoneos;
				SWIFT_ACTIVE_COMPILATION_CONDITIONS = DEBUG;
				SWIFT_OPTIMIZATION_LEVEL = "-Onone";
				TARGETED_DEVICE_FAMILY = "1,2";
			};
			name = Debug;
		};
		B83B48E01E2ACF98000C301D /* Release */ = {
			isa = XCBuildConfiguration;
			buildSettings = {
				ALWAYS_SEARCH_USER_PATHS = NO;
				CLANG_ANALYZER_NONNULL = YES;
				CLANG_CXX_LANGUAGE_STANDARD = "gnu++0x";
				CLANG_CXX_LIBRARY = "libc++";
				CLANG_ENABLE_MODULES = YES;
				CLANG_ENABLE_OBJC_ARC = YES;
				CLANG_WARN_BOOL_CONVERSION = YES;
				CLANG_WARN_CONSTANT_CONVERSION = YES;
				CLANG_WARN_DIRECT_OBJC_ISA_USAGE = YES_ERROR;
				CLANG_WARN_DOCUMENTATION_COMMENTS = YES;
				CLANG_WARN_EMPTY_BODY = YES;
				CLANG_WARN_ENUM_CONVERSION = YES;
				CLANG_WARN_INFINITE_RECURSION = YES;
				CLANG_WARN_INT_CONVERSION = YES;
				CLANG_WARN_OBJC_ROOT_CLASS = YES_ERROR;
				CLANG_WARN_SUSPICIOUS_MOVE = YES;
				CLANG_WARN_UNREACHABLE_CODE = YES;
				CLANG_WARN__DUPLICATE_METHOD_MATCH = YES;
				"CODE_SIGN_IDENTITY[sdk=iphoneos*]" = "iPhone Developer";
				COPY_PHASE_STRIP = NO;
				DEBUG_INFORMATION_FORMAT = "dwarf-with-dsym";
				ENABLE_NS_ASSERTIONS = NO;
				ENABLE_STRICT_OBJC_MSGSEND = YES;
				GCC_C_LANGUAGE_STANDARD = gnu99;
				GCC_NO_COMMON_BLOCKS = YES;
				GCC_WARN_64_TO_32_BIT_CONVERSION = YES;
				GCC_WARN_ABOUT_RETURN_TYPE = YES_ERROR;
				GCC_WARN_UNDECLARED_SELECTOR = YES;
				GCC_WARN_UNINITIALIZED_AUTOS = YES_AGGRESSIVE;
				GCC_WARN_UNUSED_FUNCTION = YES;
				GCC_WARN_UNUSED_VARIABLE = YES;
				IPHONEOS_DEPLOYMENT_TARGET = 10.2;
				MTL_ENABLE_DEBUG_INFO = NO;
				SDKROOT = iphoneos;
				SWIFT_OPTIMIZATION_LEVEL = "-Owholemodule";
				TARGETED_DEVICE_FAMILY = "1,2";
				VALIDATE_PRODUCT = YES;
			};
			name = Release;
		};
		B83B48E21E2ACF98000C301D /* Debug */ = {
			isa = XCBuildConfiguration;
			baseConfigurationReference = 0AEFD95E121F340E28480EE4 /* Pods-SocialMedia.debug.xcconfig */;
			buildSettings = {
				ASSETCATALOG_COMPILER_APPICON_NAME = AppIcon;
				CODE_SIGN_ENTITLEMENTS = SocialMedia/SocialMedia.entitlements;
				DEVELOPMENT_TEAM = 54S7LMH8GM;
				FRAMEWORK_SEARCH_PATHS = (
					"$(inherited)",
					"$(PROJECT_DIR)",
				);
				INFOPLIST_FILE = SocialMedia/Info.plist;
				LD_RUNPATH_SEARCH_PATHS = "$(inherited) @executable_path/Frameworks";
				PRODUCT_BUNDLE_IDENTIFIER = com.ericsirinian.SocialMedia;
				PRODUCT_NAME = "$(TARGET_NAME)";
				SWIFT_VERSION = 3.0;
			};
			name = Debug;
		};
		B83B48E31E2ACF98000C301D /* Release */ = {
			isa = XCBuildConfiguration;
			baseConfigurationReference = 205B43C134BEC6D1E3FFD32B /* Pods-SocialMedia.release.xcconfig */;
			buildSettings = {
				ASSETCATALOG_COMPILER_APPICON_NAME = AppIcon;
				CODE_SIGN_ENTITLEMENTS = SocialMedia/SocialMedia.entitlements;
				DEVELOPMENT_TEAM = 54S7LMH8GM;
				FRAMEWORK_SEARCH_PATHS = (
					"$(inherited)",
					"$(PROJECT_DIR)",
				);
				INFOPLIST_FILE = SocialMedia/Info.plist;
				LD_RUNPATH_SEARCH_PATHS = "$(inherited) @executable_path/Frameworks";
				PRODUCT_BUNDLE_IDENTIFIER = com.ericsirinian.SocialMedia;
				PRODUCT_NAME = "$(TARGET_NAME)";
				SWIFT_VERSION = 3.0;
			};
			name = Release;
		};
/* End XCBuildConfiguration section */

/* Begin XCConfigurationList section */
		B83B48CA1E2ACF98000C301D /* Build configuration list for PBXProject "SocialMedia" */ = {
			isa = XCConfigurationList;
			buildConfigurations = (
				B83B48DF1E2ACF98000C301D /* Debug */,
				B83B48E01E2ACF98000C301D /* Release */,
			);
			defaultConfigurationIsVisible = 0;
			defaultConfigurationName = Release;
		};
		B83B48E11E2ACF98000C301D /* Build configuration list for PBXNativeTarget "SocialMedia" */ = {
			isa = XCConfigurationList;
			buildConfigurations = (
				B83B48E21E2ACF98000C301D /* Debug */,
				B83B48E31E2ACF98000C301D /* Release */,
			);
			defaultConfigurationIsVisible = 0;
			defaultConfigurationName = Release;
		};
/* End XCConfigurationList section */
	};
	rootObject = B83B48C71E2ACF98000C301D /* Project object */;
}
